
Microsoft Visual Studio Solution File, Format Version 12.00
# Visual Studio Version 17
VisualStudioVersion = 17.11.35303.130
MinimumVisualStudioVersion = 10.0.40219.1
Project("{9A19103F-16F7-4668-BE54-9A1E7A4F7556}") = "API_Project", "API_Project\API_Project.csproj", "{1ECD7A4A-6C28-491F-8050-9A1D53FD6C43}"
EndProject
Project("{FAE04EC0-301F-11D3-BF4B-00C04F79EFBC}") = "TestAPIProject", "TestAPIProject\TestAPIProject.csproj", "{C4D14386-28F7-4E08-8F8D-F7102ECC2D30}"
EndProject
Global
	GlobalSection(SolutionConfigurationPlatforms) = preSolution
		Debug|Any CPU = Debug|Any CPU
		Release|Any CPU = Release|Any CPU
	EndGlobalSection
	GlobalSection(ProjectConfigurationPlatforms) = postSolution
		{1ECD7A4A-6C28-491F-8050-9A1D53FD6C43}.Debug|Any CPU.ActiveCfg = Debug|Any CPU
		{1ECD7A4A-6C28-491F-8050-9A1D53FD6C43}.Debug|Any CPU.Build.0 = Debug|Any CPU
		{1ECD7A4A-6C28-491F-8050-9A1D53FD6C43}.Release|Any CPU.ActiveCfg = Release|Any CPU
		{1ECD7A4A-6C28-491F-8050-9A1D53FD6C43}.Release|Any CPU.Build.0 = Release|Any CPU
		{C4D14386-28F7-4E08-8F8D-F7102ECC2D30}.Debug|Any CPU.ActiveCfg = Debug|Any CPU
		{C4D14386-28F7-4E08-8F8D-F7102ECC2D30}.Debug|Any CPU.Build.0 = Debug|Any CPU
		{C4D14386-28F7-4E08-8F8D-F7102ECC2D30}.Release|Any CPU.ActiveCfg = Release|Any CPU
		{C4D14386-28F7-4E08-8F8D-F7102ECC2D30}.Release|Any CPU.Build.0 = Release|Any CPU
	EndGlobalSection
	GlobalSection(SolutionProperties) = preSolution
		HideSolutionNode = FALSE
	EndGlobalSection
	GlobalSection(ExtensibilityGlobals) = postSolution
		SolutionGuid = {73EB397B-6AD0-4D09-9E97-83817A1CD5B3}
	EndGlobalSection
EndGlobal
